
Microsoft Visual Studio Solution File, Format Version 12.00
# Visual Studio Version 17
VisualStudioVersion = 17.13.35931.197 d17.13
MinimumVisualStudioVersion = 10.0.40219.1
Project("{8BC9CEB8-8B4A-11D0-8D11-00A0C91BC942}") = "SubArrays", "SubArrays\SubArrays.vcxproj", "{3639C3ED-4124-4445-8A5A-555B9BDDB2F8}"
EndProject
Global
	GlobalSection(SolutionConfigurationPlatforms) = preSolution
		Debug|x64 = Debug|x64
		Debug|x86 = Debug|x86
		Release|x64 = Release|x64
		Release|x86 = Release|x86
	EndGlobalSection
	GlobalSection(ProjectConfigurationPlatforms) = postSolution
		{3639C3ED-4124-4445-8A5A-555B9BDDB2F8}.Debug|x64.ActiveCfg = Debug|x64
		{3639C3ED-4124-4445-8A5A-555B9BDDB2F8}.Debug|x64.Build.0 = Debug|x64
		{3639C3ED-4124-4445-8A5A-555B9BDDB2F8}.Debug|x86.ActiveCfg = Debug|Win32
		{3639C3ED-4124-4445-8A5A-555B9BDDB2F8}.Debug|x86.Build.0 = Debug|Win32
		{3639C3ED-4124-4445-8A5A-555B9BDDB2F8}.Release|x64.ActiveCfg = Release|x64
		{3639C3ED-4124-4445-8A5A-555B9BDDB2F8}.Release|x64.Build.0 = Release|x64
		{3639C3ED-4124-4445-8A5A-555B9BDDB2F8}.Release|x86.ActiveCfg = Release|Win32
		{3639C3ED-4124-4445-8A5A-555B9BDDB2F8}.Release|x86.Build.0 = Release|Win32
	EndGlobalSection
	GlobalSection(SolutionProperties) = preSolution
		HideSolutionNode = FALSE
	EndGlobalSection
	GlobalSection(ExtensibilityGlobals) = postSolution
		SolutionGuid = {2ED9A4E3-F11C-4409-9BE0-DED53B895FB1}
	EndGlobalSection
EndGlobal
